// !$*UTF8*$!
{
	archiveVersion = 1;
	classes = {
	};
	objectVersion = 46;
	objects = {

/* Begin PBXBuildFile section */
		DECE31511E8C02BE0081692F /* AppDelegate.swift in Sources */ = {isa = PBXBuildFile; fileRef = DECE31501E8C02BE0081692F /* AppDelegate.swift */; };
		DECE31531E8C02BE0081692F /* ViewController.swift in Sources */ = {isa = PBXBuildFile; fileRef = DECE31521E8C02BE0081692F /* ViewController.swift */; };
		DECE31561E8C02BE0081692F /* Main.storyboard in Resources */ = {isa = PBXBuildFile; fileRef = DECE31541E8C02BE0081692F /* Main.storyboard */; };
		DECE31581E8C02BE0081692F /* Assets.xcassets in Resources */ = {isa = PBXBuildFile; fileRef = DECE31571E8C02BE0081692F /* Assets.xcassets */; };
		DECE315B1E8C02BE0081692F /* LaunchScreen.storyboard in Resources */ = {isa = PBXBuildFile; fileRef = DECE31591E8C02BE0081692F /* LaunchScreen.storyboard */; };
		DECE31661E8C02BE0081692F /* test3Tests.swift in Sources */ = {isa = PBXBuildFile; fileRef = DECE31651E8C02BE0081692F /* test3Tests.swift */; };
		DECE31711E8C02BE0081692F /* test3UITests.swift in Sources */ = {isa = PBXBuildFile; fileRef = DECE31701E8C02BE0081692F /* test3UITests.swift */; };
/* End PBXBuildFile section */

/* Begin PBXContainerItemProxy section */
		DECE31621E8C02BE0081692F /* PBXContainerItemProxy */ = {
			isa = PBXContainerItemProxy;
			containerPortal = DECE31451E8C02BE0081692F /* Project object */;
			proxyType = 1;
			remoteGlobalIDString = DECE314C1E8C02BE0081692F;
			remoteInfo = test3;
		};
		DECE316D1E8C02BE0081692F /* PBXContainerItemProxy */ = {
			isa = PBXContainerItemProxy;
			containerPortal = DECE31451E8C02BE0081692F /* Project object */;
			proxyType = 1;
			remoteGlobalIDString = DECE314C1E8C02BE0081692F;
			remoteInfo = test3;
		};
/* End PBXContainerItemProxy section */

/* Begin PBXFileReference section */
		DECE314D1E8C02BE0081692F /* test3.app */ = {isa = PBXFileReference; explicitFileType = wrapper.application; includeInIndex = 0; path = test3.app; sourceTree = BUILT_PRODUCTS_DIR; };
		DECE31501E8C02BE0081692F /* AppDelegate.swift */ = {isa = PBXFileReference; lastKnownFileType = sourcecode.swift; path = AppDelegate.swift; sourceTree = "<group>"; };
		DECE31521E8C02BE0081692F /* ViewController.swift */ = {isa = PBXFileReference; lastKnownFileType = sourcecode.swift; path = ViewController.swift; sourceTree = "<group>"; };
		DECE31551E8C02BE0081692F /* Base */ = {isa = PBXFileReference; lastKnownFileType = file.storyboard; name = Base; path = Base.lproj/Main.storyboard; sourceTree = "<group>"; };
		DECE31571E8C02BE0081692F /* Assets.xcassets */ = {isa = PBXFileReference; lastKnownFileType = folder.assetcatalog; path = Assets.xcassets; sourceTree = "<group>"; };
		DECE315A1E8C02BE0081692F /* Base */ = {isa = PBXFileReference; lastKnownFileType = file.storyboard; name = Base; path = Base.lproj/LaunchScreen.storyboard; sourceTree = "<group>"; };
		DECE315C1E8C02BE0081692F /* Info.plist */ = {isa = PBXFileReference; lastKnownFileType = text.plist.xml; path = Info.plist; sourceTree = "<group>"; };
		DECE31611E8C02BE0081692F /* test3Tests.xctest */ = {isa = PBXFileReference; explicitFileType = wrapper.cfbundle; includeInIndex = 0; path = test3Tests.xctest; sourceTree = BUILT_PRODUCTS_DIR; };
		DECE31651E8C02BE0081692F /* test3Tests.swift */ = {isa = PBXFileReference; lastKnownFileType = sourcecode.swift; path = test3Tests.swift; sourceTree = "<group>"; };
		DECE31671E8C02BE0081692F /* Info.plist */ = {isa = PBXFileReference; lastKnownFileType = text.plist.xml; path = Info.plist; sourceTree = "<group>"; };
		DECE316C1E8C02BE0081692F /* test3UITests.xctest */ = {isa = PBXFileReference; explicitFileType = wrapper.cfbundle; includeInIndex = 0; path = test3UITests.xctest; sourceTree = BUILT_PRODUCTS_DIR; };
		DECE31701E8C02BE0081692F /* test3UITests.swift */ = {isa = PBXFileReference; lastKnownFileType = sourcecode.swift; path = test3UITests.swift; sourceTree = "<group>"; };
		DECE31721E8C02BE0081692F /* Info.plist */ = {isa = PBXFileReference; lastKnownFileType = text.plist.xml; path = Info.plist; sourceTree = "<group>"; };
/* End PBXFileReference section */

/* Begin PBXFrameworksBuildPhase section */
		DECE314A1E8C02BE0081692F /* Frameworks */ = {
			isa = PBXFrameworksBuildPhase;
			buildActionMask = 2147483647;
			files = (
			);
			runOnlyForDeploymentPostprocessing = 0;
		};
		DECE315E1E8C02BE0081692F /* Frameworks */ = {
			isa = PBXFrameworksBuildPhase;
			buildActionMask = 2147483647;
			files = (
			);
			runOnlyForDeploymentPostprocessing = 0;
		};
		DECE31691E8C02BE0081692F /* Frameworks */ = {
			isa = PBXFrameworksBuildPhase;
			buildActionMask = 2147483647;
			files = (
			);
			runOnlyForDeploymentPostprocessing = 0;
		};
/* End PBXFrameworksBuildPhase section */

/* Begin PBXGroup section */
		DECE31441E8C02BE0081692F = {
			isa = PBXGroup;
			children = (
				DECE314F1E8C02BE0081692F /* test3 */,
				DECE31641E8C02BE0081692F /* test3Tests */,
				DECE316F1E8C02BE0081692F /* test3UITests */,
				DECE314E1E8C02BE0081692F /* Products */,
			);
			sourceTree = "<group>";
		};
		DECE314E1E8C02BE0081692F /* Products */ = {
			isa = PBXGroup;
			children = (
				DECE314D1E8C02BE0081692F /* test3.app */,
				DECE31611E8C02BE0081692F /* test3Tests.xctest */,
				DECE316C1E8C02BE0081692F /* test3UITests.xctest */,
			);
			name = Products;
			sourceTree = "<group>";
		};
		DECE314F1E8C02BE0081692F /* test3 */ = {
			isa = PBXGroup;
			children = (
				DECE31501E8C02BE0081692F /* AppDelegate.swift */,
				DECE31521E8C02BE0081692F /* ViewController.swift */,
				DECE31541E8C02BE0081692F /* Main.storyboard */,
				DECE31571E8C02BE0081692F /* Assets.xcassets */,
				DECE31591E8C02BE0081692F /* LaunchScreen.storyboard */,
				DECE315C1E8C02BE0081692F /* Info.plist */,
			);
			path = test3;
			sourceTree = "<group>";
		};
		DECE31641E8C02BE0081692F /* test3Tests */ = {
			isa = PBXGroup;
			children = (
				DECE31651E8C02BE0081692F /* test3Tests.swift */,
				DECE31671E8C02BE0081692F /* Info.plist */,
			);
			path = test3Tests;
			sourceTree = "<group>";
		};
		DECE316F1E8C02BE0081692F /* test3UITests */ = {
			isa = PBXGroup;
			children = (
				DECE31701E8C02BE0081692F /* test3UITests.swift */,
				DECE31721E8C02BE0081692F /* Info.plist */,
			);
			path = test3UITests;
			sourceTree = "<group>";
		};
/* End PBXGroup section */

/* Begin PBXNativeTarget section */
		DECE314C1E8C02BE0081692F /* test3 */ = {
			isa = PBXNativeTarget;
			buildConfigurationList = DECE31751E8C02BE0081692F /* Build configuration list for PBXNativeTarget "test3" */;
			buildPhases = (
				DECE31491E8C02BE0081692F /* Sources */,
				DECE314A1E8C02BE0081692F /* Frameworks */,
				DECE314B1E8C02BE0081692F /* Resources */,
			);
			buildRules = (
			);
			dependencies = (
			);
			name = test3;
			productName = test3;
			productReference = DECE314D1E8C02BE0081692F /* test3.app */;
			productType = "com.apple.product-type.application";
		};
		DECE31601E8C02BE0081692F /* test3Tests */ = {
			isa = PBXNativeTarget;
			buildConfigurationList = DECE31781E8C02BE0081692F /* Build configuration list for PBXNativeTarget "test3Tests" */;
			buildPhases = (
				DECE315D1E8C02BE0081692F /* Sources */,
				DECE315E1E8C02BE0081692F /* Frameworks */,
				DECE315F1E8C02BE0081692F /* Resources */,
			);
			buildRules = (
			);
			dependencies = (
				DECE31631E8C02BE0081692F /* PBXTargetDependency */,
			);
			name = test3Tests;
			productName = test3Tests;
			productReference = DECE31611E8C02BE0081692F /* test3Tests.xctest */;
			productType = "com.apple.product-type.bundle.unit-test";
		};
		DECE316B1E8C02BE0081692F /* test3UITests */ = {
			isa = PBXNativeTarget;
			buildConfigurationList = DECE317B1E8C02BE0081692F /* Build configuration list for PBXNativeTarget "test3UITests" */;
			buildPhases = (
				DECE31681E8C02BE0081692F /* Sources */,
				DECE31691E8C02BE0081692F /* Frameworks */,
				DECE316A1E8C02BE0081692F /* Resources */,
			);
			buildRules = (
			);
			dependencies = (
				DECE316E1E8C02BE0081692F /* PBXTargetDependency */,
			);
			name = test3UITests;
			productName = test3UITests;
			productReference = DECE316C1E8C02BE0081692F /* test3UITests.xctest */;
			productType = "com.apple.product-type.bundle.ui-testing";
		};
/* End PBXNativeTarget section */

/* Begin PBXProject section */
		DECE31451E8C02BE0081692F /* Project object */ = {
			isa = PBXProject;
			attributes = {
				LastSwiftUpdateCheck = 0820;
				LastUpgradeCheck = 0820;
				ORGANIZATIONNAME = "Howie Chan";
				TargetAttributes = {
					DECE314C1E8C02BE0081692F = {
						CreatedOnToolsVersion = 8.2;
						ProvisioningStyle = Automatic;
					};
					DECE31601E8C02BE0081692F = {
						CreatedOnToolsVersion = 8.2;
						ProvisioningStyle = Automatic;
						TestTargetID = DECE314C1E8C02BE0081692F;
					};
					DECE316B1E8C02BE0081692F = {
						CreatedOnToolsVersion = 8.2;
						ProvisioningStyle = Automatic;
						TestTargetID = DECE314C1E8C02BE0081692F;
					};
				};
			};
			buildConfigurationList = DECE31481E8C02BE0081692F /* Build configuration list for PBXProject "test3" */;
			compatibilityVersion = "Xcode 3.2";
			developmentRegion = English;
			hasScannedForEncodings = 0;
			knownRegions = (
				en,
				Base,
			);
			mainGroup = DECE31441E8C02BE0081692F;
			productRefGroup = DECE314E1E8C02BE0081692F /* Products */;
			projectDirPath = "";
			projectRoot = "";
			targets = (
				DECE314C1E8C02BE0081692F /* test3 */,
				DECE31601E8C02BE0081692F /* test3Tests */,
				DECE316B1E8C02BE0081692F /* test3UITests */,
			);
		};
/* End PBXProject section */

/* Begin PBXResourcesBuildPhase section */
		DECE314B1E8C02BE0081692F /* Resources */ = {
			isa = PBXResourcesBuildPhase;
			buildActionMask = 2147483647;
			files = (
				DECE315B1E8C02BE0081692F /* LaunchScreen.storyboard in Resources */,
				DECE31581E8C02BE0081692F /* Assets.xcassets in Resources */,
				DECE31561E8C02BE0081692F /* Main.storyboard in Resources */,
			);
			runOnlyForDeploymentPostprocessing = 0;
		};
		DECE315F1E8C02BE0081692F /* Resources */ = {
			isa = PBXResourcesBuildPhase;
			buildActionMask = 2147483647;
			files = (
			);
			runOnlyForDeploymentPostprocessing = 0;
		};
		DECE316A1E8C02BE0081692F /* Resources */ = {
			isa = PBXResourcesBuildPhase;
			buildActionMask = 2147483647;
			files = (
			);
			runOnlyForDeploymentPostprocessing = 0;
		};
/* End PBXResourcesBuildPhase section */

/* Begin PBXSourcesBuildPhase section */
		DECE31491E8C02BE0081692F /* Sources */ = {
			isa = PBXSourcesBuildPhase;
			buildActionMask = 2147483647;
			files = (
				DECE31531E8C02BE0081692F /* ViewController.swift in Sources */,
				DECE31511E8C02BE0081692F /* AppDelegate.swift in Sources */,
			);
			runOnlyForDeploymentPostprocessing = 0;
		};
		DECE315D1E8C02BE0081692F /* Sources */ = {
			isa = PBXSourcesBuildPhase;
			buildActionMask = 2147483647;
			files = (
				DECE31661E8C02BE0081692F /* test3Tests.swift in Sources */,
			);
			runOnlyForDeploymentPostprocessing = 0;
		};
		DECE31681E8C02BE0081692F /* Sources */ = {
			isa = PBXSourcesBuildPhase;
			buildActionMask = 2147483647;
			files = (
				DECE31711E8C02BE0081692F /* test3UITests.swift in Sources */,
			);
			runOnlyForDeploymentPostprocessing = 0;
		};
/* End PBXSourcesBuildPhase section */

/* Begin PBXTargetDependency section */
		DECE31631E8C02BE0081692F /* PBXTargetDependency */ = {
			isa = PBXTargetDependency;
			target = DECE314C1E8C02BE0081692F /* test3 */;
			targetProxy = DECE31621E8C02BE0081692F /* PBXContainerItemProxy */;
		};
		DECE316E1E8C02BE0081692F /* PBXTargetDependency */ = {
			isa = PBXTargetDependency;
			target = DECE314C1E8C02BE0081692F /* test3 */;
			targetProxy = DECE316D1E8C02BE0081692F /* PBXContainerItemProxy */;
		};
/* End PBXTargetDependency section */

/* Begin PBXVariantGroup section */
		DECE31541E8C02BE0081692F /* Main.storyboard */ = {
			isa = PBXVariantGroup;
			children = (
				DECE31551E8C02BE0081692F /* Base */,
			);
			name = Main.storyboard;
			sourceTree = "<group>";
		};
		DECE31591E8C02BE0081692F /* LaunchScreen.storyboard */ = {
			isa = PBXVariantGroup;
			children = (
				DECE315A1E8C02BE0081692F /* Base */,
			);
			name = LaunchScreen.storyboard;
			sourceTree = "<group>";
		};
/* End PBXVariantGroup section */

/* Begin XCBuildConfiguration section */
		DECE31731E8C02BE0081692F /* Debug */ = {
			isa = XCBuildConfiguration;
			buildSettings = {
				ALWAYS_SEARCH_USER_PATHS = NO;
				CLANG_ANALYZER_NONNULL = YES;
				CLANG_CXX_LANGUAGE_STANDARD = "gnu++0x";
				CLANG_CXX_LIBRARY = "libc++";
				CLANG_ENABLE_MODULES = YES;
				CLANG_ENABLE_OBJC_ARC = YES;
				CLANG_WARN_BOOL_CONVERSION = YES;
				CLANG_WARN_CONSTANT_CONVERSION = YES;
				CLANG_WARN_DIRECT_OBJC_ISA_USAGE = YES_ERROR;
				CLANG_WARN_DOCUMENTATION_COMMENTS = YES;
				CLANG_WARN_EMPTY_BODY = YES;
				CLANG_WARN_ENUM_CONVERSION = YES;
				CLANG_WARN_INFINITE_RECURSION = YES;
				CLANG_WARN_INT_CONVERSION = YES;
				CLANG_WARN_OBJC_ROOT_CLASS = YES_ERROR;
				CLANG_WARN_SUSPICIOUS_MOVE = YES;
				CLANG_WARN_UNREACHABLE_CODE = YES;
				CLANG_WARN__DUPLICATE_METHOD_MATCH = YES;
				"CODE_SIGN_IDENTITY[sdk=iphoneos*]" = "iPhone Developer";
				COPY_PHASE_STRIP = NO;
				DEBUG_INFORMATION_FORMAT = dwarf;
				ENABLE_STRICT_OBJC_MSGSEND = YES;
				ENABLE_TESTABILITY = YES;
				GCC_C_LANGUAGE_STANDARD = gnu99;
				GCC_DYNAMIC_NO_PIC = NO;
				GCC_NO_COMMON_BLOCKS = YES;
				GCC_OPTIMIZATION_LEVEL = 0;
				GCC_PREPROCESSOR_DEFINITIONS = (
					"DEBUG=1",
					"$(inherited)",
				);
				GCC_WARN_64_TO_32_BIT_CONVERSION = YES;
				GCC_WARN_ABOUT_RETURN_TYPE = YES_ERROR;
				GCC_WARN_UNDECLARED_SELECTOR = YES;
				GCC_WARN_UNINITIALIZED_AUTOS = YES_AGGRESSIVE;
				GCC_WARN_UNUSED_FUNCTION = YES;
				GCC_WARN_UNUSED_VARIABLE = YES;
				IPHONEOS_DEPLOYMENT_TARGET = 10.2;
				MTL_ENABLE_DEBUG_INFO = YES;
				ONLY_ACTIVE_ARCH = YES;
				SDKROOT = iphoneos;
				SWIFT_ACTIVE_COMPILATION_CONDITIONS = DEBUG;
				SWIFT_OPTIMIZATION_LEVEL = "-Onone";
				TARGETED_DEVICE_FAMILY = "1,2";
			};
			name = Debug;
		};
		DECE31741E8C02BE0081692F /* Release */ = {
			isa = XCBuildConfiguration;
			buildSettings = {
				ALWAYS_SEARCH_USER_PATHS = NO;
				CLANG_ANALYZER_NONNULL = YES;
				CLANG_CXX_LANGUAGE_STANDARD = "gnu++0x";
				CLANG_CXX_LIBRARY = "libc++";
				CLANG_ENABLE_MODULES = YES;
				CLANG_ENABLE_OBJC_ARC = YES;
				CLANG_WARN_BOOL_CONVERSION = YES;
				CLANG_WARN_CONSTANT_CONVERSION = YES;
				CLANG_WARN_DIRECT_OBJC_ISA_USAGE = YES_ERROR;
				CLANG_WARN_DOCUMENTATION_COMMENTS = YES;
				CLANG_WARN_EMPTY_BODY = YES;
				CLANG_WARN_ENUM_CONVERSION = YES;
				CLANG_WARN_INFINITE_RECURSION = YES;
				CLANG_WARN_INT_CONVERSION = YES;
				CLANG_WARN_OBJC_ROOT_CLASS = YES_ERROR;
				CLANG_WARN_SUSPICIOUS_MOVE = YES;
				CLANG_WARN_UNREACHABLE_CODE = YES;
				CLANG_WARN__DUPLICATE_METHOD_MATCH = YES;
				"CODE_SIGN_IDENTITY[sdk=iphoneos*]" = "iPhone Developer";
				COPY_PHASE_STRIP = NO;
				DEBUG_INFORMATION_FORMAT = "dwarf-with-dsym";
				ENABLE_NS_ASSERTIONS = NO;
				ENABLE_STRICT_OBJC_MSGSEND = YES;
				GCC_C_LANGUAGE_STANDARD = gnu99;
				GCC_NO_COMMON_BLOCKS = YES;
				GCC_WARN_64_TO_32_BIT_CONVERSION = YES;
				GCC_WARN_ABOUT_RETURN_TYPE = YES_ERROR;
				GCC_WARN_UNDECLARED_SELECTOR = YES;
				GCC_WARN_UNINITIALIZED_AUTOS = YES_AGGRESSIVE;
				GCC_WARN_UNUSED_FUNCTION = YES;
				GCC_WARN_UNUSED_VARIABLE = YES;
				IPHONEOS_DEPLOYMENT_TARGET = 10.2;
				MTL_ENABLE_DEBUG_INFO = NO;
				SDKROOT = iphoneos;
				SWIFT_OPTIMIZATION_LEVEL = "-Owholemodule";
				TARGETED_DEVICE_FAMILY = "1,2";
				VALIDATE_PRODUCT = YES;
			};
			name = Release;
		};
		DECE31761E8C02BE0081692F /* Debug */ = {
			isa = XCBuildConfiguration;
			buildSettings = {
				ASSETCATALOG_COMPILER_APPICON_NAME = AppIcon;
				INFOPLIST_FILE = test3/Info.plist;
				LD_RUNPATH_SEARCH_PATHS = "$(inherited) @executable_path/Frameworks";
				PRODUCT_BUNDLE_IDENTIFIER = com.hc.test3;
				PRODUCT_NAME = "$(TARGET_NAME)";
				SWIFT_VERSION = 3.0;
			};
			name = Debug;
		};
		DECE31771E8C02BE0081692F /* Release */ = {
			isa = XCBuildConfiguration;
			buildSettings = {
				ASSETCATALOG_COMPILER_APPICON_NAME = AppIcon;
				INFOPLIST_FILE = test3/Info.plist;
				LD_RUNPATH_SEARCH_PATHS = "$(inherited) @executable_path/Frameworks";
				PRODUCT_BUNDLE_IDENTIFIER = com.hc.test3;
				PRODUCT_NAME = "$(TARGET_NAME)";
				SWIFT_VERSION = 3.0;
			};
			name = Release;
		};
		DECE31791E8C02BE0081692F /* Debug */ = {
			isa = XCBuildConfiguration;
			buildSettings = {
				ALWAYS_EMBED_SWIFT_STANDARD_LIBRARIES = YES;
				BUNDLE_LOADER = "$(TEST_HOST)";
				INFOPLIST_FILE = test3Tests/Info.plist;
				LD_RUNPATH_SEARCH_PATHS = "$(inherited) @executable_path/Frameworks @loader_path/Frameworks";
				PRODUCT_BUNDLE_IDENTIFIER = com.hc.test3Tests;
				PRODUCT_NAME = "$(TARGET_NAME)";
				SWIFT_VERSION = 3.0;
				TEST_HOST = "$(BUILT_PRODUCTS_DIR)/test3.app/test3";
			};
			name = Debug;
		};
		DECE317A1E8C02BE0081692F /* Release */ = {
			isa = XCBuildConfiguration;
			buildSettings = {
				ALWAYS_EMBED_SWIFT_STANDARD_LIBRARIES = YES;
				BUNDLE_LOADER = "$(TEST_HOST)";
				INFOPLIST_FILE = test3Tests/Info.plist;
				LD_RUNPATH_SEARCH_PATHS = "$(inherited) @executable_path/Frameworks @loader_path/Frameworks";
				PRODUCT_BUNDLE_IDENTIFIER = com.hc.test3Tests;
				PRODUCT_NAME = "$(TARGET_NAME)";
				SWIFT_VERSION = 3.0;
				TEST_HOST = "$(BUILT_PRODUCTS_DIR)/test3.app/test3";
			};
			name = Release;
		};
		DECE317C1E8C02BE0081692F /* Debug */ = {
			isa = XCBuildConfiguration;
			buildSettings = {
				ALWAYS_EMBED_SWIFT_STANDARD_LIBRARIES = YES;
				INFOPLIST_FILE = test3UITests/Info.plist;
				LD_RUNPATH_SEARCH_PATHS = "$(inherited) @executable_path/Frameworks @loader_path/Frameworks";
				PRODUCT_BUNDLE_IDENTIFIER = com.hc.test3UITests;
				PRODUCT_NAME = "$(TARGET_NAME)";
				SWIFT_VERSION = 3.0;
				TEST_TARGET_NAME = test3;
			};
			name = Debug;
		};
		DECE317D1E8C02BE0081692F /* Release */ = {
			isa = XCBuildConfiguration;
			buildSettings = {
				ALWAYS_EMBED_SWIFT_STANDARD_LIBRARIES = YES;
				INFOPLIST_FILE = test3UITests/Info.plist;
				LD_RUNPATH_SEARCH_PATHS = "$(inherited) @executable_path/Frameworks @loader_path/Frameworks";
				PRODUCT_BUNDLE_IDENTIFIER = com.hc.test3UITests;
				PRODUCT_NAME = "$(TARGET_NAME)";
				SWIFT_VERSION = 3.0;
				TEST_TARGET_NAME = test3;
			};
			name = Release;
		};
/* End XCBuildConfiguration section */

/* Begin XCConfigurationList section */
		DECE31481E8C02BE0081692F /* Build configuration list for PBXProject "test3" */ = {
			isa = XCConfigurationList;
			buildConfigurations = (
				DECE31731E8C02BE0081692F /* Debug */,
				DECE31741E8C02BE0081692F /* Release */,
			);
			defaultConfigurationIsVisible = 0;
			defaultConfigurationName = Release;
		};
		DECE31751E8C02BE0081692F /* Build configuration list for PBXNativeTarget "test3" */ = {
			isa = XCConfigurationList;
			buildConfigurations = (
				DECE31761E8C02BE0081692F /* Debug */,
				DECE31771E8C02BE0081692F /* Release */,
			);
			defaultConfigurationIsVisible = 0;
		};
		DECE31781E8C02BE0081692F /* Build configuration list for PBXNativeTarget "test3Tests" */ = {
			isa = XCConfigurationList;
			buildConfigurations = (
				DECE31791E8C02BE0081692F /* Debug */,
				DECE317A1E8C02BE0081692F /* Release */,
			);
			defaultConfigurationIsVisible = 0;
		};
		DECE317B1E8C02BE0081692F /* Build configuration list for PBXNativeTarget "test3UITests" */ = {
			isa = XCConfigurationList;
			buildConfigurations = (
				DECE317C1E8C02BE0081692F /* Debug */,
				DECE317D1E8C02BE0081692F /* Release */,
			);
			defaultConfigurationIsVisible = 0;
		};
/* End XCConfigurationList section */
	};
	rootObject = DECE31451E8C02BE0081692F /* Project object */;
}
